
Microsoft Visual Studio Solution File, Format Version 12.00
# Visual Studio Version 16
VisualStudioVersion = 16.0.30523.141
MinimumVisualStudioVersion = 10.0.40219.1
Project("{FAE04EC0-301F-11D3-BF4B-00C04F79EFBC}") = "QandA", "QandA.csproj", "{46D0EC05-E9AB-4FC2-B1C4-089E175E3FEE}"
EndProject
Global
	GlobalSection(SolutionConfigurationPlatforms) = preSolution
		Debug|Any CPU = Debug|Any CPU
		Release|Any CPU = Release|Any CPU
	EndGlobalSection
	GlobalSection(ProjectConfigurationPlatforms) = postSolution
		{46D0EC05-E9AB-4FC2-B1C4-089E175E3FEE}.Debug|Any CPU.ActiveCfg = Debug|Any CPU
		{46D0EC05-E9AB-4FC2-B1C4-089E175E3FEE}.Debug|Any CPU.Build.0 = Debug|Any CPU
		{46D0EC05-E9AB-4FC2-B1C4-089E175E3FEE}.Release|Any CPU.ActiveCfg = Release|Any CPU
		{46D0EC05-E9AB-4FC2-B1C4-089E175E3FEE}.Release|Any CPU.Build.0 = Release|Any CPU
	EndGlobalSection
	GlobalSection(SolutionProperties) = preSolution
		HideSolutionNode = FALSE
	EndGlobalSection
	GlobalSection(ExtensibilityGlobals) = postSolution
		SolutionGuid = {C19FE807-A55D-4252-90A0-41B03E49A938}
	EndGlobalSection
EndGlobal
